
Microsoft Visual Studio Solution File, Format Version 11.00
# Visual Studio 2010
Project("{FAE04EC0-301F-11D3-BF4B-00C04F79EFBC}") = "RSSReaderWebsite", "RSSReaderWebsite\RSSReaderWebsite.csproj", "{64E8E6FE-6553-41F4-9D1F-6BFDA963DAE3}"
EndProject
Global
	GlobalSection(SolutionConfigurationPlatforms) = preSolution
		Debug|Any CPU = Debug|Any CPU
		Release|Any CPU = Release|Any CPU
	EndGlobalSection
	GlobalSection(ProjectConfigurationPlatforms) = postSolution
		{64E8E6FE-6553-41F4-9D1F-6BFDA963DAE3}.Debug|Any CPU.ActiveCfg = Debug|Any CPU
		{64E8E6FE-6553-41F4-9D1F-6BFDA963DAE3}.Debug|Any CPU.Build.0 = Debug|Any CPU
		{64E8E6FE-6553-41F4-9D1F-6BFDA963DAE3}.Release|Any CPU.ActiveCfg = Release|Any CPU
		{64E8E6FE-6553-41F4-9D1F-6BFDA963DAE3}.Release|Any CPU.Build.0 = Release|Any CPU
	EndGlobalSection
	GlobalSection(SolutionProperties) = preSolution
		HideSolutionNode = FALSE
	EndGlobalSection
EndGlobal
